<?xml version="1.0" encoding="utf-8"?>
<Project ToolsVersion="4.0" xmlns="http://schemas.microsoft.com/developer/msbuild/2003">
  <ItemGroup>
    <ClCompile Include="src\nfagenerator.cpp" />
    <ClCompile Include="src\regexmatcher.cpp" />
    <ClCompile Include="src\parser.cpp" />
    <ClCompile Include="src\main.cpp" />
  </ItemGroup>
  <ItemGroup>
    <ClInclude Include="src\nfagenerator.h" />
    <ClInclude Include="src\regexmatcher.h" />
    <ClInclude Include="src\parser.h" />
  </ItemGroup>
</Project>